lockVersion: 2.0.0
id: 5f111fe4-6168-4754-8b07-dddb553bd4bb
management:
  docChecksum: 9f44804a45f4fe8f360ab335930e791e
  docVersion: 1.0.0
  speakeasyVersion: 1.596.0
  generationVersion: 2.672.0
  releaseVersion: 1.0.1
  configChecksum: cd84f52ee5fd10b5a8af3854eea745d0
  repoURL: https://github.com/abhayymishraa/python-owasp-nest-sdk.git
  installationURL: https://github.com/abhayymishraa/python-owasp-nest-sdk.git
  published: true
features:
  python:
    additionalDependencies: 1.0.0
    constsAndDefaults: 1.0.5
    core: 5.19.6
    defaultEnabledRetries: 0.2.0
    enumUnions: 0.1.0
    envVarSecurityUsage: 0.3.2
    flattening: 3.1.1
    globalSecurityCallbacks: 1.0.0
    globalServerURLs: 3.1.1
    methodArguments: 1.0.2
    nullables: 1.0.1
    responseFormat: 1.0.1
    retries: 3.0.2
    sdkHooks: 1.1.0
generatedFiles:
  - .gitattributes
  - .vscode/settings.json
  - USAGE.md
  - docs/models/chapterschema.md
  - docs/models/committeeschema.md
  - docs/models/eventschema.md
  - docs/models/getuserrequest.md
  - docs/models/issueschema.md
  - docs/models/labelschema.md
  - docs/models/listchaptersordering.md
  - docs/models/listchaptersrequest.md
  - docs/models/listcommitteesordering.md
  - docs/models/listcommitteesrequest.md
  - docs/models/listeventsordering.md
  - docs/models/listeventsrequest.md
  - docs/models/listissuesordering.md
  - docs/models/listissuesrequest.md
  - docs/models/listlabelsordering.md
  - docs/models/listlabelsrequest.md
  - docs/models/listorganizationsordering.md
  - docs/models/listorganizationsrequest.md
  - docs/models/listprojectsordering.md
  - docs/models/listprojectsrequest.md
  - docs/models/listreleasesordering.md
  - docs/models/listreleasesrequest.md
  - docs/models/listrepositoriesordering.md
  - docs/models/listrepositoriesrequest.md
  - docs/models/listusersordering.md
  - docs/models/listusersrequest.md
  - docs/models/organizationschema.md
  - docs/models/pagedchapterschema.md
  - docs/models/pagedcommitteeschema.md
  - docs/models/pagedeventschema.md
  - docs/models/pagedissueschema.md
  - docs/models/pagedlabelschema.md
  - docs/models/pagedorganizationschema.md
  - docs/models/pagedprojectschema.md
  - docs/models/pagedreleaseschema.md
  - docs/models/pagedrepositoryschema.md
  - docs/models/pageduserschema.md
  - docs/models/projectlevel.md
  - docs/models/projectschema.md
  - docs/models/releaseschema.md
  - docs/models/repositoryschema.md
  - docs/models/state.md
  - docs/models/usererrorresponse.md
  - docs/models/userschema.md
  - docs/models/utils/retryconfig.md
  - docs/sdks/github/README.md
  - docs/sdks/nestapi/README.md
  - docs/sdks/owasp/README.md
  - poetry.toml
  - py.typed
  - pylintrc
  - pyproject.toml
  - scripts/prepare_readme.py
  - scripts/publish.sh
  - src/nest_sdk_python_test_v2/__init__.py
  - src/nest_sdk_python_test_v2/_hooks/__init__.py
  - src/nest_sdk_python_test_v2/_hooks/sdkhooks.py
  - src/nest_sdk_python_test_v2/_hooks/types.py
  - src/nest_sdk_python_test_v2/_version.py
  - src/nest_sdk_python_test_v2/basesdk.py
  - src/nest_sdk_python_test_v2/github.py
  - src/nest_sdk_python_test_v2/httpclient.py
  - src/nest_sdk_python_test_v2/models/__init__.py
  - src/nest_sdk_python_test_v2/models/apierror.py
  - src/nest_sdk_python_test_v2/models/chapterschema.py
  - src/nest_sdk_python_test_v2/models/committeeschema.py
  - src/nest_sdk_python_test_v2/models/eventschema.py
  - src/nest_sdk_python_test_v2/models/get_userop.py
  - src/nest_sdk_python_test_v2/models/issueschema.py
  - src/nest_sdk_python_test_v2/models/labelschema.py
  - src/nest_sdk_python_test_v2/models/list_chaptersop.py
  - src/nest_sdk_python_test_v2/models/list_committeesop.py
  - src/nest_sdk_python_test_v2/models/list_eventsop.py
  - src/nest_sdk_python_test_v2/models/list_issuesop.py
  - src/nest_sdk_python_test_v2/models/list_labelsop.py
  - src/nest_sdk_python_test_v2/models/list_organizationsop.py
  - src/nest_sdk_python_test_v2/models/list_projectsop.py
  - src/nest_sdk_python_test_v2/models/list_releasesop.py
  - src/nest_sdk_python_test_v2/models/list_repositoriesop.py
  - src/nest_sdk_python_test_v2/models/list_usersop.py
  - src/nest_sdk_python_test_v2/models/no_response_error.py
  - src/nest_sdk_python_test_v2/models/organizationschema.py
  - src/nest_sdk_python_test_v2/models/pagedchapterschema.py
  - src/nest_sdk_python_test_v2/models/pagedcommitteeschema.py
  - src/nest_sdk_python_test_v2/models/pagedeventschema.py
  - src/nest_sdk_python_test_v2/models/pagedissueschema.py
  - src/nest_sdk_python_test_v2/models/pagedlabelschema.py
  - src/nest_sdk_python_test_v2/models/pagedorganizationschema.py
  - src/nest_sdk_python_test_v2/models/pagedprojectschema.py
  - src/nest_sdk_python_test_v2/models/pagedreleaseschema.py
  - src/nest_sdk_python_test_v2/models/pagedrepositoryschema.py
  - src/nest_sdk_python_test_v2/models/pageduserschema.py
  - src/nest_sdk_python_test_v2/models/projectlevel.py
  - src/nest_sdk_python_test_v2/models/projectschema.py
  - src/nest_sdk_python_test_v2/models/releaseschema.py
  - src/nest_sdk_python_test_v2/models/repositoryschema.py
  - src/nest_sdk_python_test_v2/models/responsevalidationerror.py
  - src/nest_sdk_python_test_v2/models/sdkerror.py
  - src/nest_sdk_python_test_v2/models/state.py
  - src/nest_sdk_python_test_v2/models/usererrorresponse.py
  - src/nest_sdk_python_test_v2/models/userschema.py
  - src/nest_sdk_python_test_v2/owasp.py
  - src/nest_sdk_python_test_v2/py.typed
  - src/nest_sdk_python_test_v2/sdk.py
  - src/nest_sdk_python_test_v2/sdkconfiguration.py
  - src/nest_sdk_python_test_v2/types/__init__.py
  - src/nest_sdk_python_test_v2/types/basemodel.py
  - src/nest_sdk_python_test_v2/utils/__init__.py
  - src/nest_sdk_python_test_v2/utils/annotations.py
  - src/nest_sdk_python_test_v2/utils/datetimes.py
  - src/nest_sdk_python_test_v2/utils/enums.py
  - src/nest_sdk_python_test_v2/utils/eventstreaming.py
  - src/nest_sdk_python_test_v2/utils/forms.py
  - src/nest_sdk_python_test_v2/utils/headers.py
  - src/nest_sdk_python_test_v2/utils/logger.py
  - src/nest_sdk_python_test_v2/utils/metadata.py
  - src/nest_sdk_python_test_v2/utils/queryparams.py
  - src/nest_sdk_python_test_v2/utils/requestbodies.py
  - src/nest_sdk_python_test_v2/utils/retries.py
  - src/nest_sdk_python_test_v2/utils/security.py
  - src/nest_sdk_python_test_v2/utils/serializers.py
  - src/nest_sdk_python_test_v2/utils/unmarshal_json_response.py
  - src/nest_sdk_python_test_v2/utils/url.py
  - src/nest_sdk_python_test_v2/utils/values.py
examples:
  list_issues:
    speakeasy-default-list-issues:
      parameters:
        query:
          page: 1
      responses:
        "200":
          application/json: {"items": [{"body": "<value>", "created_at": "2025-07-18T12:46:15.645Z", "title": "<value>", "state": "closed", "updated_at": "2023-02-19T06:46:47.973Z", "url": "https://victorious-glider.info"}], "count": 209946}
  list_labels:
    speakeasy-default-list-labels:
      parameters:
        query:
          color: "d93f0b"
          page: 1
      responses:
        "200":
          application/json: {"items": [], "count": 860276}
  list_organizations:
    speakeasy-default-list-organizations:
      parameters:
        query:
          location: "United States of America"
          page: 1
      responses:
        "200":
          application/json: {"items": [{"company": "Grady LLC", "created_at": "2025-12-31T23:31:01.740Z", "location": "<value>", "login": "Rosina11", "name": "<value>", "updated_at": "2024-09-05T17:30:42.265Z"}], "count": 150206}
  list_releases:
    speakeasy-default-list-releases:
      parameters:
        query:
          tag_name: "v1.0.0"
          page: 1
      responses:
        "200":
          application/json: {"items": [], "count": 732904}
  list_repositories:
    speakeasy-default-list-repositories:
      parameters:
        query:
          page: 1
      responses:
        "200":
          application/json: {"items": [], "count": 331323}
  list_users:
    speakeasy-default-list-users:
      parameters:
        query:
          location: "India"
          page: 1
      responses:
        "200":
          application/json: {"items": [{"avatar_url": "https://anguished-bakeware.name/", "bio": "<value>", "company": "Fritsch Group", "created_at": "2024-06-03T21:01:44.588Z", "email": "Elouise.McCullough@hotmail.com", "followers_count": 282009, "following_count": 160322, "location": "<value>", "login": "Ophelia.Stroman27", "name": "<value>", "public_repositories_count": 380109, "title": "<value>", "twitter_username": "<value>", "updated_at": "2025-06-26T06:28:35.999Z", "url": "https://svelte-puritan.name/"}], "count": 506301}
  get_user:
    speakeasy-default-get-user:
      parameters:
        path:
          login: "Enos13"
      responses:
        "200":
          application/json: {"avatar_url": "https://bulky-embossing.com/", "bio": "<value>", "company": "Jacobs, Bogisich and Lynch", "created_at": "2025-01-22T05:16:45.510Z", "email": "Abraham_Pacocha@yahoo.com", "followers_count": 685134, "following_count": 653740, "location": "<value>", "login": "Jessika_Keebler17", "name": "<value>", "public_repositories_count": 821696, "title": "<value>", "twitter_username": "<value>", "updated_at": "2023-05-16T02:39:59.458Z", "url": "https://international-adrenalin.biz/"}
        "404":
          application/json: {"detail": "<value>"}
  list_chapters:
    speakeasy-default-list-chapters:
      parameters:
        query:
          country: "India"
          region: "Asia"
          page: 1
      responses:
        "200":
          application/json: {"items": [{"country": "Slovenia", "created_at": "2025-04-17T12:05:02.463Z", "name": "<value>", "region": "<value>", "updated_at": "2023-05-06T16:21:25.155Z"}], "count": 769051}
  list_committees:
    speakeasy-default-list-committees:
      parameters:
        query:
          page: 1
      responses:
        "200":
          application/json: {"items": [{"name": "<value>", "description": "boo per while sunbathe likewise yeast quizzically expansion eek", "created_at": "2025-03-16T20:29:18.773Z", "updated_at": "2023-06-13T22:21:50.847Z"}], "count": 288373}
  list_events:
    speakeasy-default-list-events:
      parameters:
        query:
          page: 1
      responses:
        "200":
          application/json: {"items": [], "count": 957493}
  list_projects:
    speakeasy-default-list-projects:
      parameters:
        query:
          page: 1
      responses:
        "200":
          application/json: {"items": [], "count": 820243}
examplesVersion: 1.0.2
